
Microsoft Visual Studio Solution File, Format Version 12.00
# Visual Studio 15
VisualStudioVersion = 15.0.28307.539
MinimumVisualStudioVersion = 10.0.40219.1
Project("{FAE04EC0-301F-11D3-BF4B-00C04F79EFBC}") = "Netease Music Downloader", "Netease Music Downloader\Netease Music Downloader.csproj", "{4C14D809-B025-4F36-A50D-75D4948A5FA3}"
EndProject
Global
	GlobalSection(SolutionConfigurationPlatforms) = preSolution
		Debug|Any CPU = Debug|Any CPU
		Release|Any CPU = Release|Any CPU
	EndGlobalSection
	GlobalSection(ProjectConfigurationPlatforms) = postSolution
		{4C14D809-B025-4F36-A50D-75D4948A5FA3}.Debug|Any CPU.ActiveCfg = Debug|Any CPU
		{4C14D809-B025-4F36-A50D-75D4948A5FA3}.Debug|Any CPU.Build.0 = Debug|Any CPU
		{4C14D809-B025-4F36-A50D-75D4948A5FA3}.Release|Any CPU.ActiveCfg = Release|Any CPU
		{4C14D809-B025-4F36-A50D-75D4948A5FA3}.Release|Any CPU.Build.0 = Release|Any CPU
	EndGlobalSection
	GlobalSection(SolutionProperties) = preSolution
		HideSolutionNode = FALSE
	EndGlobalSection
	GlobalSection(ExtensibilityGlobals) = postSolution
		SolutionGuid = {6D192075-107B-4003-B439-3930B3499AFE}
	EndGlobalSection
EndGlobal
